{
  "name": "dia-02-bibliotecas-js-e-frameworks",
  "lockfileVersion": 2,
  "requires": true,
  "packages": {
    "": {
      "dependencies": {
        "just-validate": "^4.0.1"
      }
    },
    "node_modules/just-validate": {
      "version": "4.0.1",
      "resolved": "https://registry.npmjs.org/just-validate/-/just-validate-4.0.1.tgz",
      "integrity": "sha512-wunfaMk9ldxtJ+BtBMdNt9YmyorKEa7jf+xkZPLkSRgk8K6S3jvnwKysDGIFtKj9tpHQ5GlmUkG41gtywBxE1w=="
    }
  },
  "dependencies": {
    "just-validate": {
      "version": "4.0.1",
      "resolved": "https://registry.npmjs.org/just-validate/-/just-validate-4.0.1.tgz",
      "integrity": "sha512-wunfaMk9ldxtJ+BtBMdNt9YmyorKEa7jf+xkZPLkSRgk8K6S3jvnwKysDGIFtKj9tpHQ5GlmUkG41gtywBxE1w=="
    }
  }
}
